
Microsoft Visual Studio Solution File, Format Version 12.00
# Visual Studio Version 17
VisualStudioVersion = 17.4.33213.308
MinimumVisualStudioVersion = 10.0.40219.1
Project("{FAE04EC0-301F-11D3-BF4B-00C04F79EFBC}") = "AdvancedProjectMVC", "AdvancedProjectMVC.csproj", "{D7C4C00C-CB90-4F7F-91CB-FE29816F780E}"
EndProject
Global
	GlobalSection(SolutionConfigurationPlatforms) = preSolution
		Debug|Any CPU = Debug|Any CPU
		Release|Any CPU = Release|Any CPU
	EndGlobalSection
	GlobalSection(ProjectConfigurationPlatforms) = postSolution
		{D7C4C00C-CB90-4F7F-91CB-FE29816F780E}.Debug|Any CPU.ActiveCfg = Debug|Any CPU
		{D7C4C00C-CB90-4F7F-91CB-FE29816F780E}.Debug|Any CPU.Build.0 = Debug|Any CPU
		{D7C4C00C-CB90-4F7F-91CB-FE29816F780E}.Release|Any CPU.ActiveCfg = Release|Any CPU
		{D7C4C00C-CB90-4F7F-91CB-FE29816F780E}.Release|Any CPU.Build.0 = Release|Any CPU
	EndGlobalSection
	GlobalSection(SolutionProperties) = preSolution
		HideSolutionNode = FALSE
	EndGlobalSection
	GlobalSection(ExtensibilityGlobals) = postSolution
		SolutionGuid = {9BB97446-0BDF-486B-82E9-5F74E63AABB2}
	EndGlobalSection
EndGlobal
